
Microsoft Visual Studio Solution File, Format Version 12.00
# Visual Studio Version 17
VisualStudioVersion = 17.0.32014.148
MinimumVisualStudioVersion = 10.0.40219.1
Project("{FAE04EC0-301F-11D3-BF4B-00C04F79EFBC}") = "Problemos", "Problemos\Problemos.csproj", "{CFF855F5-86D9-4F80-81E8-8848CD452CC4}"
EndProject
Global
	GlobalSection(SolutionConfigurationPlatforms) = preSolution
		Debug|Any CPU = Debug|Any CPU
		Release|Any CPU = Release|Any CPU
	EndGlobalSection
	GlobalSection(ProjectConfigurationPlatforms) = postSolution
		{CFF855F5-86D9-4F80-81E8-8848CD452CC4}.Debug|Any CPU.ActiveCfg = Debug|Any CPU
		{CFF855F5-86D9-4F80-81E8-8848CD452CC4}.Debug|Any CPU.Build.0 = Debug|Any CPU
		{CFF855F5-86D9-4F80-81E8-8848CD452CC4}.Release|Any CPU.ActiveCfg = Release|Any CPU
		{CFF855F5-86D9-4F80-81E8-8848CD452CC4}.Release|Any CPU.Build.0 = Release|Any CPU
	EndGlobalSection
	GlobalSection(SolutionProperties) = preSolution
		HideSolutionNode = FALSE
	EndGlobalSection
	GlobalSection(ExtensibilityGlobals) = postSolution
		SolutionGuid = {B6102755-DA80-4295-BEB9-E832DDB944E4}
	EndGlobalSection
EndGlobal
